// !$*UTF8*$!
{
	archiveVersion = 1;
	classes = {
	};
	objectVersion = 46;
	objects = {

/* Begin PBXBuildFile section */
		5D6117E3CF307FABDE5CA8B4 /* Pods_date.framework in Frameworks */ = {isa = PBXBuildFile; fileRef = 6D27A183ECD421C47DC38992 /* Pods_date.framework */; };
		D81231821EC4238500E7166A /* FYTimeDataCollectionViewCell.swift in Sources */ = {isa = PBXBuildFile; fileRef = D81231811EC4238500E7166A /* FYTimeDataCollectionViewCell.swift */; };
		D81231841EC4423C00E7166A /* FYTimeRecordData.swift in Sources */ = {isa = PBXBuildFile; fileRef = D81231831EC4423C00E7166A /* FYTimeRecordData.swift */; };
		D8737D381EADA02A001E1B76 /* ViewController.swift in Sources */ = {isa = PBXBuildFile; fileRef = D8737D371EADA02A001E1B76 /* ViewController.swift */; };
		D87A2ACD1EA73007009E7B67 /* FYMainNavigationController.swift in Sources */ = {isa = PBXBuildFile; fileRef = D87A2ACC1EA73007009E7B67 /* FYMainNavigationController.swift */; };
		D88DBC0C1E49D38F00EF4F5B /* FYMainTabBarController.swift in Sources */ = {isa = PBXBuildFile; fileRef = D88DBC0B1E49D38F00EF4F5B /* FYMainTabBarController.swift */; };
		D88DBC111E4AA57D00EF4F5B /* FYHomeViewController.swift in Sources */ = {isa = PBXBuildFile; fileRef = D88DBC101E4AA57D00EF4F5B /* FYHomeViewController.swift */; };
		D88DBC131E4B226F00EF4F5B /* FYFunctionButton.swift in Sources */ = {isa = PBXBuildFile; fileRef = D88DBC121E4B226F00EF4F5B /* FYFunctionButton.swift */; };
		D8915B071E495FD90020FF4C /* AppDelegate.swift in Sources */ = {isa = PBXBuildFile; fileRef = D8915B061E495FD90020FF4C /* AppDelegate.swift */; };
		D8915B0C1E495FD90020FF4C /* Main.storyboard in Resources */ = {isa = PBXBuildFile; fileRef = D8915B0A1E495FD90020FF4C /* Main.storyboard */; };
		D8915B0E1E495FD90020FF4C /* Assets.xcassets in Resources */ = {isa = PBXBuildFile; fileRef = D8915B0D1E495FD90020FF4C /* Assets.xcassets */; };
		D8915B111E495FD90020FF4C /* LaunchScreen.storyboard in Resources */ = {isa = PBXBuildFile; fileRef = D8915B0F1E495FD90020FF4C /* LaunchScreen.storyboard */; };
		D8915B1C1E495FD90020FF4C /* dateTests.swift in Sources */ = {isa = PBXBuildFile; fileRef = D8915B1B1E495FD90020FF4C /* dateTests.swift */; };
		D8915B271E495FD90020FF4C /* dateUITests.swift in Sources */ = {isa = PBXBuildFile; fileRef = D8915B261E495FD90020FF4C /* dateUITests.swift */; };
		D8915B351E4961070020FF4C /* Foundation.framework in Frameworks */ = {isa = PBXBuildFile; fileRef = D8915B341E4961070020FF4C /* Foundation.framework */; };
		D8915B371E49610D0020FF4C /* QuartzCore.framework in Frameworks */ = {isa = PBXBuildFile; fileRef = D8915B361E49610D0020FF4C /* QuartzCore.framework */; };
		D8915B391E4961120020FF4C /* UIKit.framework in Frameworks */ = {isa = PBXBuildFile; fileRef = D8915B381E4961120020FF4C /* UIKit.framework */; };
		D8B6A7651E972276007D2BC6 /* FYBaseViewController.swift in Sources */ = {isa = PBXBuildFile; fileRef = D8B6A7641E972276007D2BC6 /* FYBaseViewController.swift */; };
		D8B6A7691E972688007D2BC6 /* FYHeaderFile.swift in Sources */ = {isa = PBXBuildFile; fileRef = D8B6A7681E972688007D2BC6 /* FYHeaderFile.swift */; };
		D8B6A76B1E972E5E007D2BC6 /* FYCalendarViewController.swift in Sources */ = {isa = PBXBuildFile; fileRef = D8B6A76A1E972E5E007D2BC6 /* FYCalendarViewController.swift */; };
		D8B6A76E1E976011007D2BC6 /* FYStatisticalViewController.swift in Sources */ = {isa = PBXBuildFile; fileRef = D8B6A76D1E976011007D2BC6 /* FYStatisticalViewController.swift */; };
		D8CFF25B1E4C38500098BC0B /* FYDiyCalendarCell.swift in Sources */ = {isa = PBXBuildFile; fileRef = D8CFF25A1E4C38500098BC0B /* FYDiyCalendarCell.swift */; };
		D8CFF25D1E4C44500098BC0B /* FYCalendarView.swift in Sources */ = {isa = PBXBuildFile; fileRef = D8CFF25C1E4C44500098BC0B /* FYCalendarView.swift */; };
		D8CFF25F1E4D88C50098BC0B /* FYNavMenuView.swift in Sources */ = {isa = PBXBuildFile; fileRef = D8CFF25E1E4D88C50098BC0B /* FYNavMenuView.swift */; };
/* End PBXBuildFile section */

/* Begin PBXContainerItemProxy section */
		D8915B181E495FD90020FF4C /* PBXContainerItemProxy */ = {
			isa = PBXContainerItemProxy;
			containerPortal = D8915AFB1E495FD90020FF4C /* Project object */;
			proxyType = 1;
			remoteGlobalIDString = D8915B021E495FD90020FF4C;
			remoteInfo = date;
		};
		D8915B231E495FD90020FF4C /* PBXContainerItemProxy */ = {
			isa = PBXContainerItemProxy;
			containerPortal = D8915AFB1E495FD90020FF4C /* Project object */;
			proxyType = 1;
			remoteGlobalIDString = D8915B021E495FD90020FF4C;
			remoteInfo = date;
		};
/* End PBXContainerItemProxy section */

/* Begin PBXFileReference section */
		6D27A183ECD421C47DC38992 /* Pods_date.framework */ = {isa = PBXFileReference; explicitFileType = wrapper.framework; includeInIndex = 0; path = Pods_date.framework; sourceTree = BUILT_PRODUCTS_DIR; };
		961A51DA4F9697EF47D6F86F /* Pods-date.debug.xcconfig */ = {isa = PBXFileReference; includeInIndex = 1; lastKnownFileType = text.xcconfig; name = "Pods-date.debug.xcconfig"; path = "Pods/Target Support Files/Pods-date/Pods-date.debug.xcconfig"; sourceTree = "<group>"; };
		D81231811EC4238500E7166A /* FYTimeDataCollectionViewCell.swift */ = {isa = PBXFileReference; fileEncoding = 4; lastKnownFileType = sourcecode.swift; path = FYTimeDataCollectionViewCell.swift; sourceTree = "<group>"; };
		D81231831EC4423C00E7166A /* FYTimeRecordData.swift */ = {isa = PBXFileReference; fileEncoding = 4; lastKnownFileType = sourcecode.swift; path = FYTimeRecordData.swift; sourceTree = "<group>"; };
		D8737D371EADA02A001E1B76 /* ViewController.swift */ = {isa = PBXFileReference; fileEncoding = 4; lastKnownFileType = sourcecode.swift; path = ViewController.swift; sourceTree = "<group>"; };
		D87A2ACC1EA73007009E7B67 /* FYMainNavigationController.swift */ = {isa = PBXFileReference; fileEncoding = 4; lastKnownFileType = sourcecode.swift; path = FYMainNavigationController.swift; sourceTree = "<group>"; };
		D88DBC0B1E49D38F00EF4F5B /* FYMainTabBarController.swift */ = {isa = PBXFileReference; fileEncoding = 4; lastKnownFileType = sourcecode.swift; path = FYMainTabBarController.swift; sourceTree = "<group>"; };
		D88DBC101E4AA57D00EF4F5B /* FYHomeViewController.swift */ = {isa = PBXFileReference; fileEncoding = 4; lastKnownFileType = sourcecode.swift; path = FYHomeViewController.swift; sourceTree = "<group>"; };
		D88DBC121E4B226F00EF4F5B /* FYFunctionButton.swift */ = {isa = PBXFileReference; fileEncoding = 4; lastKnownFileType = sourcecode.swift; path = FYFunctionButton.swift; sourceTree = "<group>"; };
		D8915B031E495FD90020FF4C /* date.app */ = {isa = PBXFileReference; explicitFileType = wrapper.application; includeInIndex = 0; path = date.app; sourceTree = BUILT_PRODUCTS_DIR; };
		D8915B061E495FD90020FF4C /* AppDelegate.swift */ = {isa = PBXFileReference; lastKnownFileType = sourcecode.swift; path = AppDelegate.swift; sourceTree = "<group>"; };
		D8915B0B1E495FD90020FF4C /* Base */ = {isa = PBXFileReference; lastKnownFileType = file.storyboard; name = Base; path = Base.lproj/Main.storyboard; sourceTree = "<group>"; };
		D8915B0D1E495FD90020FF4C /* Assets.xcassets */ = {isa = PBXFileReference; lastKnownFileType = folder.assetcatalog; path = Assets.xcassets; sourceTree = "<group>"; };
		D8915B101E495FD90020FF4C /* Base */ = {isa = PBXFileReference; lastKnownFileType = file.storyboard; name = Base; path = Base.lproj/LaunchScreen.storyboard; sourceTree = "<group>"; };
		D8915B121E495FD90020FF4C /* Info.plist */ = {isa = PBXFileReference; lastKnownFileType = text.plist.xml; path = Info.plist; sourceTree = "<group>"; };
		D8915B171E495FD90020FF4C /* dateTests.xctest */ = {isa = PBXFileReference; explicitFileType = wrapper.cfbundle; includeInIndex = 0; path = dateTests.xctest; sourceTree = BUILT_PRODUCTS_DIR; };
		D8915B1B1E495FD90020FF4C /* dateTests.swift */ = {isa = PBXFileReference; lastKnownFileType = sourcecode.swift; path = dateTests.swift; sourceTree = "<group>"; };
		D8915B1D1E495FD90020FF4C /* Info.plist */ = {isa = PBXFileReference; lastKnownFileType = text.plist.xml; path = Info.plist; sourceTree = "<group>"; };
		D8915B221E495FD90020FF4C /* dateUITests.xctest */ = {isa = PBXFileReference; explicitFileType = wrapper.cfbundle; includeInIndex = 0; path = dateUITests.xctest; sourceTree = BUILT_PRODUCTS_DIR; };
		D8915B261E495FD90020FF4C /* dateUITests.swift */ = {isa = PBXFileReference; lastKnownFileType = sourcecode.swift; path = dateUITests.swift; sourceTree = "<group>"; };
		D8915B281E495FD90020FF4C /* Info.plist */ = {isa = PBXFileReference; lastKnownFileType = text.plist.xml; path = Info.plist; sourceTree = "<group>"; };
		D8915B341E4961070020FF4C /* Foundation.framework */ = {isa = PBXFileReference; lastKnownFileType = wrapper.framework; name = Foundation.framework; path = System/Library/Frameworks/Foundation.framework; sourceTree = SDKROOT; };
		D8915B361E49610D0020FF4C /* QuartzCore.framework */ = {isa = PBXFileReference; lastKnownFileType = wrapper.framework; name = QuartzCore.framework; path = System/Library/Frameworks/QuartzCore.framework; sourceTree = SDKROOT; };
		D8915B381E4961120020FF4C /* UIKit.framework */ = {isa = PBXFileReference; lastKnownFileType = wrapper.framework; name = UIKit.framework; path = System/Library/Frameworks/UIKit.framework; sourceTree = SDKROOT; };
		D8B6A7641E972276007D2BC6 /* FYBaseViewController.swift */ = {isa = PBXFileReference; fileEncoding = 4; lastKnownFileType = sourcecode.swift; path = FYBaseViewController.swift; sourceTree = "<group>"; };
		D8B6A7681E972688007D2BC6 /* FYHeaderFile.swift */ = {isa = PBXFileReference; fileEncoding = 4; lastKnownFileType = sourcecode.swift; path = FYHeaderFile.swift; sourceTree = "<group>"; };
		D8B6A76A1E972E5E007D2BC6 /* FYCalendarViewController.swift */ = {isa = PBXFileReference; fileEncoding = 4; lastKnownFileType = sourcecode.swift; path = FYCalendarViewController.swift; sourceTree = "<group>"; };
		D8B6A76D1E976011007D2BC6 /* FYStatisticalViewController.swift */ = {isa = PBXFileReference; fileEncoding = 4; lastKnownFileType = sourcecode.swift; path = FYStatisticalViewController.swift; sourceTree = "<group>"; };
		D8CFF25A1E4C38500098BC0B /* FYDiyCalendarCell.swift */ = {isa = PBXFileReference; fileEncoding = 4; lastKnownFileType = sourcecode.swift; path = FYDiyCalendarCell.swift; sourceTree = "<group>"; };
		D8CFF25C1E4C44500098BC0B /* FYCalendarView.swift */ = {isa = PBXFileReference; fileEncoding = 4; lastKnownFileType = sourcecode.swift; path = FYCalendarView.swift; sourceTree = "<group>"; };
		D8CFF25E1E4D88C50098BC0B /* FYNavMenuView.swift */ = {isa = PBXFileReference; fileEncoding = 4; lastKnownFileType = sourcecode.swift; path = FYNavMenuView.swift; sourceTree = "<group>"; };
		F9C8BD94EB950382DFAF13C9 /* Pods-date.release.xcconfig */ = {isa = PBXFileReference; includeInIndex = 1; lastKnownFileType = text.xcconfig; name = "Pods-date.release.xcconfig"; path = "Pods/Target Support Files/Pods-date/Pods-date.release.xcconfig"; sourceTree = "<group>"; };
/* End PBXFileReference section */

/* Begin PBXFrameworksBuildPhase section */
		D8915B001E495FD90020FF4C /* Frameworks */ = {
			isa = PBXFrameworksBuildPhase;
			buildActionMask = 2147483647;
			files = (
				D8915B391E4961120020FF4C /* UIKit.framework in Frameworks */,
				D8915B371E49610D0020FF4C /* QuartzCore.framework in Frameworks */,
				D8915B351E4961070020FF4C /* Foundation.framework in Frameworks */,
				5D6117E3CF307FABDE5CA8B4 /* Pods_date.framework in Frameworks */,
			);
			runOnlyForDeploymentPostprocessing = 0;
		};
		D8915B141E495FD90020FF4C /* Frameworks */ = {
			isa = PBXFrameworksBuildPhase;
			buildActionMask = 2147483647;
			files = (
			);
			runOnlyForDeploymentPostprocessing = 0;
		};
		D8915B1F1E495FD90020FF4C /* Frameworks */ = {
			isa = PBXFrameworksBuildPhase;
			buildActionMask = 2147483647;
			files = (
			);
			runOnlyForDeploymentPostprocessing = 0;
		};
/* End PBXFrameworksBuildPhase section */

/* Begin PBXGroup section */
		37854165179440EDDEF5F4E3 /* Frameworks */ = {
			isa = PBXGroup;
			children = (
				D8915B381E4961120020FF4C /* UIKit.framework */,
				D8915B361E49610D0020FF4C /* QuartzCore.framework */,
				D8915B341E4961070020FF4C /* Foundation.framework */,
				6D27A183ECD421C47DC38992 /* Pods_date.framework */,
			);
			name = Frameworks;
			sourceTree = "<group>";
		};
		45C22CCFD9C750A144819C55 /* Pods */ = {
			isa = PBXGroup;
			children = (
				961A51DA4F9697EF47D6F86F /* Pods-date.debug.xcconfig */,
				F9C8BD94EB950382DFAF13C9 /* Pods-date.release.xcconfig */,
			);
			name = Pods;
			sourceTree = "<group>";
		};
		D85E54CD1EBAB34400969446 /* Data */ = {
			isa = PBXGroup;
			children = (
			);
			path = Data;
			sourceTree = "<group>";
		};
		D8737D391EADA034001E1B76 /* Category */ = {
			isa = PBXGroup;
			children = (
				D81231831EC4423C00E7166A /* FYTimeRecordData.swift */,
			);
			path = Category;
			sourceTree = "<group>";
		};
		D88DBC0F1E4AA4CE00EF4F5B /* Controller */ = {
			isa = PBXGroup;
			children = (
				D88DBC101E4AA57D00EF4F5B /* FYHomeViewController.swift */,
				D8B6A76A1E972E5E007D2BC6 /* FYCalendarViewController.swift */,
				D8B6A76D1E976011007D2BC6 /* FYStatisticalViewController.swift */,
			);
			path = Controller;
			sourceTree = "<group>";
		};
		D8915AFA1E495FD90020FF4C = {
			isa = PBXGroup;
			children = (
				D8915B051E495FD90020FF4C /* date */,
				D8915B1A1E495FD90020FF4C /* dateTests */,
				D8915B251E495FD90020FF4C /* dateUITests */,
				D8915B041E495FD90020FF4C /* Products */,
				45C22CCFD9C750A144819C55 /* Pods */,
				37854165179440EDDEF5F4E3 /* Frameworks */,
			);
			sourceTree = "<group>";
		};
		D8915B041E495FD90020FF4C /* Products */ = {
			isa = PBXGroup;
			children = (
				D8915B031E495FD90020FF4C /* date.app */,
				D8915B171E495FD90020FF4C /* dateTests.xctest */,
				D8915B221E495FD90020FF4C /* dateUITests.xctest */,
			);
			name = Products;
			sourceTree = "<group>";
		};
		D8915B051E495FD90020FF4C /* date */ = {
			isa = PBXGroup;
			children = (
				D85E54CD1EBAB34400969446 /* Data */,
				D8737D391EADA034001E1B76 /* Category */,
				D8B6A7631E97224E007D2BC6 /* BaseController */,
				D88DBC0F1E4AA4CE00EF4F5B /* Controller */,
				D8915B3F1E49B5860020FF4C /* View */,
				D8B6A7661E972649007D2BC6 /* Expand */,
				D8915B3A1E49B2CF0020FF4C /* Main */,
				D8915B061E495FD90020FF4C /* AppDelegate.swift */,
				D8915B0A1E495FD90020FF4C /* Main.storyboard */,
				D8915B0D1E495FD90020FF4C /* Assets.xcassets */,
				D8915B0F1E495FD90020FF4C /* LaunchScreen.storyboard */,
				D8915B121E495FD90020FF4C /* Info.plist */,
			);
			path = date;
			sourceTree = "<group>";
		};
		D8915B1A1E495FD90020FF4C /* dateTests */ = {
			isa = PBXGroup;
			children = (
				D8915B1B1E495FD90020FF4C /* dateTests.swift */,
				D8915B1D1E495FD90020FF4C /* Info.plist */,
			);
			path = dateTests;
			sourceTree = "<group>";
		};
		D8915B251E495FD90020FF4C /* dateUITests */ = {
			isa = PBXGroup;
			children = (
				D8915B261E495FD90020FF4C /* dateUITests.swift */,
				D8915B281E495FD90020FF4C /* Info.plist */,
			);
			path = dateUITests;
			sourceTree = "<group>";
		};
		D8915B3A1E49B2CF0020FF4C /* Main */ = {
			isa = PBXGroup;
			children = (
				D8737D371EADA02A001E1B76 /* ViewController.swift */,
				D87A2ACC1EA73007009E7B67 /* FYMainNavigationController.swift */,
				D88DBC0B1E49D38F00EF4F5B /* FYMainTabBarController.swift */,
			);
			path = Main;
			sourceTree = "<group>";
		};
		D8915B3F1E49B5860020FF4C /* View */ = {
			isa = PBXGroup;
			children = (
				D88DBC121E4B226F00EF4F5B /* FYFunctionButton.swift */,
				D8CFF25E1E4D88C50098BC0B /* FYNavMenuView.swift */,
				D8CFF25C1E4C44500098BC0B /* FYCalendarView.swift */,
				D8CFF25A1E4C38500098BC0B /* FYDiyCalendarCell.swift */,
				D81231811EC4238500E7166A /* FYTimeDataCollectionViewCell.swift */,
			);
			name = View;
			path = date/View;
			sourceTree = SOURCE_ROOT;
		};
		D8B6A7631E97224E007D2BC6 /* BaseController */ = {
			isa = PBXGroup;
			children = (
				D8B6A7641E972276007D2BC6 /* FYBaseViewController.swift */,
			);
			path = BaseController;
			sourceTree = "<group>";
		};
		D8B6A7661E972649007D2BC6 /* Expand */ = {
			isa = PBXGroup;
			children = (
				D8B6A7681E972688007D2BC6 /* FYHeaderFile.swift */,
			);
			path = Expand;
			sourceTree = "<group>";
		};
/* End PBXGroup section */

/* Begin PBXNativeTarget section */
		D8915B021E495FD90020FF4C /* date */ = {
			isa = PBXNativeTarget;
			buildConfigurationList = D8915B2B1E495FD90020FF4C /* Build configuration list for PBXNativeTarget "date" */;
			buildPhases = (
				67B4DAA17E8F145841BD7359 /* [CP] Check Pods Manifest.lock */,
				D8915AFF1E495FD90020FF4C /* Sources */,
				D8915B001E495FD90020FF4C /* Frameworks */,
				D8915B011E495FD90020FF4C /* Resources */,
				5E702CDFB1C7918287ACB753 /* [CP] Embed Pods Frameworks */,
				3A22137E24BF171980B448C7 /* [CP] Copy Pods Resources */,
			);
			buildRules = (
			);
			dependencies = (
			);
			name = date;
			productName = date;
			productReference = D8915B031E495FD90020FF4C /* date.app */;
			productType = "com.apple.product-type.application";
		};
		D8915B161E495FD90020FF4C /* dateTests */ = {
			isa = PBXNativeTarget;
			buildConfigurationList = D8915B2E1E495FD90020FF4C /* Build configuration list for PBXNativeTarget "dateTests" */;
			buildPhases = (
				D8915B131E495FD90020FF4C /* Sources */,
				D8915B141E495FD90020FF4C /* Frameworks */,
				D8915B151E495FD90020FF4C /* Resources */,
			);
			buildRules = (
			);
			dependencies = (
				D8915B191E495FD90020FF4C /* PBXTargetDependency */,
			);
			name = dateTests;
			productName = dateTests;
			productReference = D8915B171E495FD90020FF4C /* dateTests.xctest */;
			productType = "com.apple.product-type.bundle.unit-test";
		};
		D8915B211E495FD90020FF4C /* dateUITests */ = {
			isa = PBXNativeTarget;
			buildConfigurationList = D8915B311E495FD90020FF4C /* Build configuration list for PBXNativeTarget "dateUITests" */;
			buildPhases = (
				D8915B1E1E495FD90020FF4C /* Sources */,
				D8915B1F1E495FD90020FF4C /* Frameworks */,
				D8915B201E495FD90020FF4C /* Resources */,
			);
			buildRules = (
			);
			dependencies = (
				D8915B241E495FD90020FF4C /* PBXTargetDependency */,
			);
			name = dateUITests;
			productName = dateUITests;
			productReference = D8915B221E495FD90020FF4C /* dateUITests.xctest */;
			productType = "com.apple.product-type.bundle.ui-testing";
		};
/* End PBXNativeTarget section */

/* Begin PBXProject section */
		D8915AFB1E495FD90020FF4C /* Project object */ = {
			isa = PBXProject;
			attributes = {
				LastSwiftUpdateCheck = 0820;
				LastUpgradeCheck = 0820;
				ORGANIZATIONNAME = Fynn;
				TargetAttributes = {
					D8915B021E495FD90020FF4C = {
						CreatedOnToolsVersion = 8.2.1;
						DevelopmentTeam = XJ5P4B7MAV;
						ProvisioningStyle = Automatic;
					};
					D8915B161E495FD90020FF4C = {
						CreatedOnToolsVersion = 8.2.1;
						DevelopmentTeam = XJ5P4B7MAV;
						ProvisioningStyle = Automatic;
						TestTargetID = D8915B021E495FD90020FF4C;
					};
					D8915B211E495FD90020FF4C = {
						CreatedOnToolsVersion = 8.2.1;
						DevelopmentTeam = XJ5P4B7MAV;
						ProvisioningStyle = Automatic;
						TestTargetID = D8915B021E495FD90020FF4C;
					};
				};
			};
			buildConfigurationList = D8915AFE1E495FD90020FF4C /* Build configuration list for PBXProject "date" */;
			compatibilityVersion = "Xcode 3.2";
			developmentRegion = English;
			hasScannedForEncodings = 0;
			knownRegions = (
				en,
				Base,
			);
			mainGroup = D8915AFA1E495FD90020FF4C;
			productRefGroup = D8915B041E495FD90020FF4C /* Products */;
			projectDirPath = "";
			projectRoot = "";
			targets = (
				D8915B021E495FD90020FF4C /* date */,
				D8915B161E495FD90020FF4C /* dateTests */,
				D8915B211E495FD90020FF4C /* dateUITests */,
			);
		};
/* End PBXProject section */

/* Begin PBXResourcesBuildPhase section */
		D8915B011E495FD90020FF4C /* Resources */ = {
			isa = PBXResourcesBuildPhase;
			buildActionMask = 2147483647;
			files = (
				D8915B111E495FD90020FF4C /* LaunchScreen.storyboard in Resources */,
				D8915B0E1E495FD90020FF4C /* Assets.xcassets in Resources */,
				D8915B0C1E495FD90020FF4C /* Main.storyboard in Resources */,
			);
			runOnlyForDeploymentPostprocessing = 0;
		};
		D8915B151E495FD90020FF4C /* Resources */ = {
			isa = PBXResourcesBuildPhase;
			buildActionMask = 2147483647;
			files = (
			);
			runOnlyForDeploymentPostprocessing = 0;
		};
		D8915B201E495FD90020FF4C /* Resources */ = {
			isa = PBXResourcesBuildPhase;
			buildActionMask = 2147483647;
			files = (
			);
			runOnlyForDeploymentPostprocessing = 0;
		};
/* End PBXResourcesBuildPhase section */

/* Begin PBXShellScriptBuildPhase section */
		3A22137E24BF171980B448C7 /* [CP] Copy Pods Resources */ = {
			isa = PBXShellScriptBuildPhase;
			buildActionMask = 2147483647;
			files = (
			);
			inputPaths = (
			);
			name = "[CP] Copy Pods Resources";
			outputPaths = (
			);
			runOnlyForDeploymentPostprocessing = 0;
			shellPath = /bin/sh;
			shellScript = "\"${SRCROOT}/Pods/Target Support Files/Pods-date/Pods-date-resources.sh\"\n";
			showEnvVarsInLog = 0;
		};
		5E702CDFB1C7918287ACB753 /* [CP] Embed Pods Frameworks */ = {
			isa = PBXShellScriptBuildPhase;
			buildActionMask = 2147483647;
			files = (
			);
			inputPaths = (
			);
			name = "[CP] Embed Pods Frameworks";
			outputPaths = (
			);
			runOnlyForDeploymentPostprocessing = 0;
			shellPath = /bin/sh;
			shellScript = "\"${SRCROOT}/Pods/Target Support Files/Pods-date/Pods-date-frameworks.sh\"\n";
			showEnvVarsInLog = 0;
		};
		67B4DAA17E8F145841BD7359 /* [CP] Check Pods Manifest.lock */ = {
			isa = PBXShellScriptBuildPhase;
			buildActionMask = 2147483647;
			files = (
			);
			inputPaths = (
			);
			name = "[CP] Check Pods Manifest.lock";
			outputPaths = (
			);
			runOnlyForDeploymentPostprocessing = 0;
			shellPath = /bin/sh;
			shellScript = "diff \"${PODS_ROOT}/../Podfile.lock\" \"${PODS_ROOT}/Manifest.lock\" > /dev/null\nif [ $? != 0 ] ; then\n    # print error to STDERR\n    echo \"error: The sandbox is not in sync with the Podfile.lock. Run 'pod install' or update your CocoaPods installation.\" >&2\n    exit 1\nfi\n";
			showEnvVarsInLog = 0;
		};
/* End PBXShellScriptBuildPhase section */

/* Begin PBXSourcesBuildPhase section */
		D8915AFF1E495FD90020FF4C /* Sources */ = {
			isa = PBXSourcesBuildPhase;
			buildActionMask = 2147483647;
			files = (
				D88DBC0C1E49D38F00EF4F5B /* FYMainTabBarController.swift in Sources */,
				D8B6A76E1E976011007D2BC6 /* FYStatisticalViewController.swift in Sources */,
				D87A2ACD1EA73007009E7B67 /* FYMainNavigationController.swift in Sources */,
				D8CFF25B1E4C38500098BC0B /* FYDiyCalendarCell.swift in Sources */,
				D8737D381EADA02A001E1B76 /* ViewController.swift in Sources */,
				D8CFF25F1E4D88C50098BC0B /* FYNavMenuView.swift in Sources */,
				D88DBC111E4AA57D00EF4F5B /* FYHomeViewController.swift in Sources */,
				D8B6A76B1E972E5E007D2BC6 /* FYCalendarViewController.swift in Sources */,
				D81231841EC4423C00E7166A /* FYTimeRecordData.swift in Sources */,
				D8B6A7651E972276007D2BC6 /* FYBaseViewController.swift in Sources */,
				D8CFF25D1E4C44500098BC0B /* FYCalendarView.swift in Sources */,
				D88DBC131E4B226F00EF4F5B /* FYFunctionButton.swift in Sources */,
				D8B6A7691E972688007D2BC6 /* FYHeaderFile.swift in Sources */,
				D81231821EC4238500E7166A /* FYTimeDataCollectionViewCell.swift in Sources */,
				D8915B071E495FD90020FF4C /* AppDelegate.swift in Sources */,
			);
			runOnlyForDeploymentPostprocessing = 0;
		};
		D8915B131E495FD90020FF4C /* Sources */ = {
			isa = PBXSourcesBuildPhase;
			buildActionMask = 2147483647;
			files = (
				D8915B1C1E495FD90020FF4C /* dateTests.swift in Sources */,
			);
			runOnlyForDeploymentPostprocessing = 0;
		};
		D8915B1E1E495FD90020FF4C /* Sources */ = {
			isa = PBXSourcesBuildPhase;
			buildActionMask = 2147483647;
			files = (
				D8915B271E495FD90020FF4C /* dateUITests.swift in Sources */,
			);
			runOnlyForDeploymentPostprocessing = 0;
		};
/* End PBXSourcesBuildPhase section */

/* Begin PBXTargetDependency section */
		D8915B191E495FD90020FF4C /* PBXTargetDependency */ = {
			isa = PBXTargetDependency;
			target = D8915B021E495FD90020FF4C /* date */;
			targetProxy = D8915B181E495FD90020FF4C /* PBXContainerItemProxy */;
		};
		D8915B241E495FD90020FF4C /* PBXTargetDependency */ = {
			isa = PBXTargetDependency;
			target = D8915B021E495FD90020FF4C /* date */;
			targetProxy = D8915B231E495FD90020FF4C /* PBXContainerItemProxy */;
		};
/* End PBXTargetDependency section */

/* Begin PBXVariantGroup section */
		D8915B0A1E495FD90020FF4C /* Main.storyboard */ = {
			isa = PBXVariantGroup;
			children = (
				D8915B0B1E495FD90020FF4C /* Base */,
			);
			name = Main.storyboard;
			sourceTree = "<group>";
		};
		D8915B0F1E495FD90020FF4C /* LaunchScreen.storyboard */ = {
			isa = PBXVariantGroup;
			children = (
				D8915B101E495FD90020FF4C /* Base */,
			);
			name = LaunchScreen.storyboard;
			sourceTree = "<group>";
		};
/* End PBXVariantGroup section */

/* Begin XCBuildConfiguration section */
		D8915B291E495FD90020FF4C /* Debug */ = {
			isa = XCBuildConfiguration;
			buildSettings = {
				ALWAYS_SEARCH_USER_PATHS = NO;
				CLANG_ANALYZER_NONNULL = YES;
				CLANG_CXX_LANGUAGE_STANDARD = "gnu++0x";
				CLANG_CXX_LIBRARY = "libc++";
				CLANG_ENABLE_MODULES = YES;
				CLANG_ENABLE_OBJC_ARC = YES;
				CLANG_WARN_BOOL_CONVERSION = YES;
				CLANG_WARN_CONSTANT_CONVERSION = YES;
				CLANG_WARN_DIRECT_OBJC_ISA_USAGE = YES_ERROR;
				CLANG_WARN_DOCUMENTATION_COMMENTS = YES;
				CLANG_WARN_EMPTY_BODY = YES;
				CLANG_WARN_ENUM_CONVERSION = YES;
				CLANG_WARN_INFINITE_RECURSION = YES;
				CLANG_WARN_INT_CONVERSION = YES;
				CLANG_WARN_OBJC_ROOT_CLASS = YES_ERROR;
				CLANG_WARN_SUSPICIOUS_MOVE = YES;
				CLANG_WARN_UNREACHABLE_CODE = YES;
				CLANG_WARN__DUPLICATE_METHOD_MATCH = YES;
				"CODE_SIGN_IDENTITY[sdk=iphoneos*]" = "iPhone Developer";
				COPY_PHASE_STRIP = NO;
				DEBUG_INFORMATION_FORMAT = dwarf;
				ENABLE_STRICT_OBJC_MSGSEND = YES;
				ENABLE_TESTABILITY = YES;
				GCC_C_LANGUAGE_STANDARD = gnu99;
				GCC_DYNAMIC_NO_PIC = NO;
				GCC_NO_COMMON_BLOCKS = YES;
				GCC_OPTIMIZATION_LEVEL = 0;
				GCC_PREPROCESSOR_DEFINITIONS = (
					"DEBUG=1",
					"$(inherited)",
				);
				GCC_WARN_64_TO_32_BIT_CONVERSION = YES;
				GCC_WARN_ABOUT_RETURN_TYPE = YES_ERROR;
				GCC_WARN_UNDECLARED_SELECTOR = YES;
				GCC_WARN_UNINITIALIZED_AUTOS = YES_AGGRESSIVE;
				GCC_WARN_UNUSED_FUNCTION = YES;
				GCC_WARN_UNUSED_VARIABLE = YES;
				IPHONEOS_DEPLOYMENT_TARGET = 8.0;
				MTL_ENABLE_DEBUG_INFO = YES;
				ONLY_ACTIVE_ARCH = YES;
				SDKROOT = iphoneos;
				SWIFT_ACTIVE_COMPILATION_CONDITIONS = DEBUG;
				SWIFT_OPTIMIZATION_LEVEL = "-Onone";
			};
			name = Debug;
		};
		D8915B2A1E495FD90020FF4C /* Release */ = {
			isa = XCBuildConfiguration;
			buildSettings = {
				ALWAYS_SEARCH_USER_PATHS = NO;
				CLANG_ANALYZER_NONNULL = YES;
				CLANG_CXX_LANGUAGE_STANDARD = "gnu++0x";
				CLANG_CXX_LIBRARY = "libc++";
				CLANG_ENABLE_MODULES = YES;
				CLANG_ENABLE_OBJC_ARC = YES;
				CLANG_WARN_BOOL_CONVERSION = YES;
				CLANG_WARN_CONSTANT_CONVERSION = YES;
				CLANG_WARN_DIRECT_OBJC_ISA_USAGE = YES_ERROR;
				CLANG_WARN_DOCUMENTATION_COMMENTS = YES;
				CLANG_WARN_EMPTY_BODY = YES;
				CLANG_WARN_ENUM_CONVERSION = YES;
				CLANG_WARN_INFINITE_RECURSION = YES;
				CLANG_WARN_INT_CONVERSION = YES;
				CLANG_WARN_OBJC_ROOT_CLASS = YES_ERROR;
				CLANG_WARN_SUSPICIOUS_MOVE = YES;
				CLANG_WARN_UNREACHABLE_CODE = YES;
				CLANG_WARN__DUPLICATE_METHOD_MATCH = YES;
				"CODE_SIGN_IDENTITY[sdk=iphoneos*]" = "iPhone Developer";
				COPY_PHASE_STRIP = NO;
				DEBUG_INFORMATION_FORMAT = "dwarf-with-dsym";
				ENABLE_NS_ASSERTIONS = NO;
				ENABLE_STRICT_OBJC_MSGSEND = YES;
				GCC_C_LANGUAGE_STANDARD = gnu99;
				GCC_NO_COMMON_BLOCKS = YES;
				GCC_WARN_64_TO_32_BIT_CONVERSION = YES;
				GCC_WARN_ABOUT_RETURN_TYPE = YES_ERROR;
				GCC_WARN_UNDECLARED_SELECTOR = YES;
				GCC_WARN_UNINITIALIZED_AUTOS = YES_AGGRESSIVE;
				GCC_WARN_UNUSED_FUNCTION = YES;
				GCC_WARN_UNUSED_VARIABLE = YES;
				IPHONEOS_DEPLOYMENT_TARGET = 8.0;
				MTL_ENABLE_DEBUG_INFO = NO;
				SDKROOT = iphoneos;
				SWIFT_OPTIMIZATION_LEVEL = "-Owholemodule";
				VALIDATE_PRODUCT = YES;
			};
			name = Release;
		};
		D8915B2C1E495FD90020FF4C /* Debug */ = {
			isa = XCBuildConfiguration;
			baseConfigurationReference = 961A51DA4F9697EF47D6F86F /* Pods-date.debug.xcconfig */;
			buildSettings = {
				ASSETCATALOG_COMPILER_APPICON_NAME = AppIcon;
				"CODE_SIGN_IDENTITY[sdk=iphoneos*]" = "iPhone Developer";
				DEVELOPMENT_TEAM = XJ5P4B7MAV;
				INFOPLIST_FILE = date/Info.plist;
				LD_RUNPATH_SEARCH_PATHS = "$(inherited) @executable_path/Frameworks";
				PRODUCT_BUNDLE_IDENTIFIER = com.Fynn.date;
				PRODUCT_NAME = "$(TARGET_NAME)";
				PROVISIONING_PROFILE = "";
				PROVISIONING_PROFILE_SPECIFIER = "";
				SWIFT_VERSION = 3.0;
			};
			name = Debug;
		};
		D8915B2D1E495FD90020FF4C /* Release */ = {
			isa = XCBuildConfiguration;
			baseConfigurationReference = F9C8BD94EB950382DFAF13C9 /* Pods-date.release.xcconfig */;
			buildSettings = {
				ASSETCATALOG_COMPILER_APPICON_NAME = AppIcon;
				"CODE_SIGN_IDENTITY[sdk=iphoneos*]" = "iPhone Developer";
				DEVELOPMENT_TEAM = XJ5P4B7MAV;
				INFOPLIST_FILE = date/Info.plist;
				LD_RUNPATH_SEARCH_PATHS = "$(inherited) @executable_path/Frameworks";
				PRODUCT_BUNDLE_IDENTIFIER = com.Fynn.date;
				PRODUCT_NAME = "$(TARGET_NAME)";
				SWIFT_VERSION = 3.0;
			};
			name = Release;
		};
		D8915B2F1E495FD90020FF4C /* Debug */ = {
			isa = XCBuildConfiguration;
			buildSettings = {
				ALWAYS_EMBED_SWIFT_STANDARD_LIBRARIES = YES;
				BUNDLE_LOADER = "$(TEST_HOST)";
				DEVELOPMENT_TEAM = XJ5P4B7MAV;
				INFOPLIST_FILE = dateTests/Info.plist;
				LD_RUNPATH_SEARCH_PATHS = "$(inherited) @executable_path/Frameworks @loader_path/Frameworks";
				PRODUCT_BUNDLE_IDENTIFIER = com.Fynn.dateTests;
				PRODUCT_NAME = "$(TARGET_NAME)";
				SWIFT_VERSION = 3.0;
				TEST_HOST = "$(BUILT_PRODUCTS_DIR)/date.app/date";
			};
			name = Debug;
		};
		D8915B301E495FD90020FF4C /* Release */ = {
			isa = XCBuildConfiguration;
			buildSettings = {
				ALWAYS_EMBED_SWIFT_STANDARD_LIBRARIES = YES;
				BUNDLE_LOADER = "$(TEST_HOST)";
				DEVELOPMENT_TEAM = XJ5P4B7MAV;
				INFOPLIST_FILE = dateTests/Info.plist;
				LD_RUNPATH_SEARCH_PATHS = "$(inherited) @executable_path/Frameworks @loader_path/Frameworks";
				PRODUCT_BUNDLE_IDENTIFIER = com.Fynn.dateTests;
				PRODUCT_NAME = "$(TARGET_NAME)";
				SWIFT_VERSION = 3.0;
				TEST_HOST = "$(BUILT_PRODUCTS_DIR)/date.app/date";
			};
			name = Release;
		};
		D8915B321E495FD90020FF4C /* Debug */ = {
			isa = XCBuildConfiguration;
			buildSettings = {
				ALWAYS_EMBED_SWIFT_STANDARD_LIBRARIES = YES;
				DEVELOPMENT_TEAM = XJ5P4B7MAV;
				INFOPLIST_FILE = dateUITests/Info.plist;
				LD_RUNPATH_SEARCH_PATHS = "$(inherited) @executable_path/Frameworks @loader_path/Frameworks";
				PRODUCT_BUNDLE_IDENTIFIER = com.Fynn.dateUITests;
				PRODUCT_NAME = "$(TARGET_NAME)";
				SWIFT_VERSION = 3.0;
				TEST_TARGET_NAME = date;
			};
			name = Debug;
		};
		D8915B331E495FD90020FF4C /* Release */ = {
			isa = XCBuildConfiguration;
			buildSettings = {
				ALWAYS_EMBED_SWIFT_STANDARD_LIBRARIES = YES;
				DEVELOPMENT_TEAM = XJ5P4B7MAV;
				INFOPLIST_FILE = dateUITests/Info.plist;
				LD_RUNPATH_SEARCH_PATHS = "$(inherited) @executable_path/Frameworks @loader_path/Frameworks";
				PRODUCT_BUNDLE_IDENTIFIER = com.Fynn.dateUITests;
				PRODUCT_NAME = "$(TARGET_NAME)";
				SWIFT_VERSION = 3.0;
				TEST_TARGET_NAME = date;
			};
			name = Release;
		};
/* End XCBuildConfiguration section */

/* Begin XCConfigurationList section */
		D8915AFE1E495FD90020FF4C /* Build configuration list for PBXProject "date" */ = {
			isa = XCConfigurationList;
			buildConfigurations = (
				D8915B291E495FD90020FF4C /* Debug */,
				D8915B2A1E495FD90020FF4C /* Release */,
			);
			defaultConfigurationIsVisible = 0;
			defaultConfigurationName = Release;
		};
		D8915B2B1E495FD90020FF4C /* Build configuration list for PBXNativeTarget "date" */ = {
			isa = XCConfigurationList;
			buildConfigurations = (
				D8915B2C1E495FD90020FF4C /* Debug */,
				D8915B2D1E495FD90020FF4C /* Release */,
			);
			defaultConfigurationIsVisible = 0;
			defaultConfigurationName = Release;
		};
		D8915B2E1E495FD90020FF4C /* Build configuration list for PBXNativeTarget "dateTests" */ = {
			isa = XCConfigurationList;
			buildConfigurations = (
				D8915B2F1E495FD90020FF4C /* Debug */,
				D8915B301E495FD90020FF4C /* Release */,
			);
			defaultConfigurationIsVisible = 0;
			defaultConfigurationName = Release;
		};
		D8915B311E495FD90020FF4C /* Build configuration list for PBXNativeTarget "dateUITests" */ = {
			isa = XCConfigurationList;
			buildConfigurations = (
				D8915B321E495FD90020FF4C /* Debug */,
				D8915B331E495FD90020FF4C /* Release */,
			);
			defaultConfigurationIsVisible = 0;
			defaultConfigurationName = Release;
		};
/* End XCConfigurationList section */
	};
	rootObject = D8915AFB1E495FD90020FF4C /* Project object */;
}
